
Microsoft Visual Studio Solution File, Format Version 12.00
# Visual Studio Version 17
VisualStudioVersion = 17.14.36327.8 d17.14
MinimumVisualStudioVersion = 10.0.40219.1
Project("{FAE04EC0-301F-11D3-BF4B-00C04F79EFBC}") = "chatApplication", "chatApplication.csproj", "{49A386A0-EE38-44D0-995A-CEFE3B1E60EA}"
EndProject
Project("{FAE04EC0-301F-11D3-BF4B-00C04F79EFBC}") = "chatApplication.Domain", "..\chatApplication.Domain\chatApplication.Domain.csproj", "{A282671C-DE05-4C04-8C28-8DC09690DE4C}"
EndProject
Project("{FAE04EC0-301F-11D3-BF4B-00C04F79EFBC}") = "chatApplication.Application", "..\chatApplication.Application\chatApplication.Application.csproj", "{A90EBFDD-50D4-4178-8ECB-5352BE665830}"
EndProject
Project("{FAE04EC0-301F-11D3-BF4B-00C04F79EFBC}") = "chatApplication.Infrastructure", "..\chatApplication.Infrastructure\chatApplication.Infrastructure.csproj", "{0F36569D-B749-4413-B62A-378979CC0305}"
EndProject
Global
	GlobalSection(SolutionConfigurationPlatforms) = preSolution
		Debug|Any CPU = Debug|Any CPU
		Release|Any CPU = Release|Any CPU
	EndGlobalSection
	GlobalSection(ProjectConfigurationPlatforms) = postSolution
		{49A386A0-EE38-44D0-995A-CEFE3B1E60EA}.Debug|Any CPU.ActiveCfg = Debug|Any CPU
		{49A386A0-EE38-44D0-995A-CEFE3B1E60EA}.Debug|Any CPU.Build.0 = Debug|Any CPU
		{49A386A0-EE38-44D0-995A-CEFE3B1E60EA}.Release|Any CPU.ActiveCfg = Release|Any CPU
		{49A386A0-EE38-44D0-995A-CEFE3B1E60EA}.Release|Any CPU.Build.0 = Release|Any CPU
		{A282671C-DE05-4C04-8C28-8DC09690DE4C}.Debug|Any CPU.ActiveCfg = Debug|Any CPU
		{A282671C-DE05-4C04-8C28-8DC09690DE4C}.Debug|Any CPU.Build.0 = Debug|Any CPU
		{A282671C-DE05-4C04-8C28-8DC09690DE4C}.Release|Any CPU.ActiveCfg = Release|Any CPU
		{A282671C-DE05-4C04-8C28-8DC09690DE4C}.Release|Any CPU.Build.0 = Release|Any CPU
		{A90EBFDD-50D4-4178-8ECB-5352BE665830}.Debug|Any CPU.ActiveCfg = Debug|Any CPU
		{A90EBFDD-50D4-4178-8ECB-5352BE665830}.Debug|Any CPU.Build.0 = Debug|Any CPU
		{A90EBFDD-50D4-4178-8ECB-5352BE665830}.Release|Any CPU.ActiveCfg = Release|Any CPU
		{A90EBFDD-50D4-4178-8ECB-5352BE665830}.Release|Any CPU.Build.0 = Release|Any CPU
		{0F36569D-B749-4413-B62A-378979CC0305}.Debug|Any CPU.ActiveCfg = Debug|Any CPU
		{0F36569D-B749-4413-B62A-378979CC0305}.Debug|Any CPU.Build.0 = Debug|Any CPU
		{0F36569D-B749-4413-B62A-378979CC0305}.Release|Any CPU.ActiveCfg = Release|Any CPU
		{0F36569D-B749-4413-B62A-378979CC0305}.Release|Any CPU.Build.0 = Release|Any CPU
	EndGlobalSection
	GlobalSection(SolutionProperties) = preSolution
		HideSolutionNode = FALSE
	EndGlobalSection
	GlobalSection(ExtensibilityGlobals) = postSolution
		SolutionGuid = {3532E302-1D67-4388-9AFE-9ECD643CC6E7}
	EndGlobalSection
EndGlobal
